
Microsoft Visual Studio Solution File, Format Version 12.00
# Visual Studio Version 17
VisualStudioVersion = 17.0.31903.59
MinimumVisualStudioVersion = 10.0.40219.1
Project("{FAE04EC0-301F-11D3-BF4B-00C04F79EFBC}") = "QueueAndStackProblems01", "QueueAndStackProblems01\QueueAndStackProblems01.csproj", "{E1EF9C84-C812-4BA4-8724-0A549AD2CC82}"
EndProject
Project("{FAE04EC0-301F-11D3-BF4B-00C04F79EFBC}") = "Shared", "Shared\Shared.csproj", "{45FEB802-E528-4814-A398-72F07D424980}"
EndProject
Global
	GlobalSection(SolutionConfigurationPlatforms) = preSolution
		Debug|Any CPU = Debug|Any CPU
		Debug|x64 = Debug|x64
		Debug|x86 = Debug|x86
		Release|Any CPU = Release|Any CPU
		Release|x64 = Release|x64
		Release|x86 = Release|x86
	EndGlobalSection
	GlobalSection(ProjectConfigurationPlatforms) = postSolution
		{E1EF9C84-C812-4BA4-8724-0A549AD2CC82}.Debug|Any CPU.ActiveCfg = Debug|Any CPU
		{E1EF9C84-C812-4BA4-8724-0A549AD2CC82}.Debug|Any CPU.Build.0 = Debug|Any CPU
		{E1EF9C84-C812-4BA4-8724-0A549AD2CC82}.Debug|x64.ActiveCfg = Debug|Any CPU
		{E1EF9C84-C812-4BA4-8724-0A549AD2CC82}.Debug|x64.Build.0 = Debug|Any CPU
		{E1EF9C84-C812-4BA4-8724-0A549AD2CC82}.Debug|x86.ActiveCfg = Debug|Any CPU
		{E1EF9C84-C812-4BA4-8724-0A549AD2CC82}.Debug|x86.Build.0 = Debug|Any CPU
		{E1EF9C84-C812-4BA4-8724-0A549AD2CC82}.Release|Any CPU.ActiveCfg = Release|Any CPU
		{E1EF9C84-C812-4BA4-8724-0A549AD2CC82}.Release|Any CPU.Build.0 = Release|Any CPU
		{E1EF9C84-C812-4BA4-8724-0A549AD2CC82}.Release|x64.ActiveCfg = Release|Any CPU
		{E1EF9C84-C812-4BA4-8724-0A549AD2CC82}.Release|x64.Build.0 = Release|Any CPU
		{E1EF9C84-C812-4BA4-8724-0A549AD2CC82}.Release|x86.ActiveCfg = Release|Any CPU
		{E1EF9C84-C812-4BA4-8724-0A549AD2CC82}.Release|x86.Build.0 = Release|Any CPU
		{45FEB802-E528-4814-A398-72F07D424980}.Debug|Any CPU.ActiveCfg = Debug|Any CPU
		{45FEB802-E528-4814-A398-72F07D424980}.Debug|Any CPU.Build.0 = Debug|Any CPU
		{45FEB802-E528-4814-A398-72F07D424980}.Debug|x64.ActiveCfg = Debug|Any CPU
		{45FEB802-E528-4814-A398-72F07D424980}.Debug|x64.Build.0 = Debug|Any CPU
		{45FEB802-E528-4814-A398-72F07D424980}.Debug|x86.ActiveCfg = Debug|Any CPU
		{45FEB802-E528-4814-A398-72F07D424980}.Debug|x86.Build.0 = Debug|Any CPU
		{45FEB802-E528-4814-A398-72F07D424980}.Release|Any CPU.ActiveCfg = Release|Any CPU
		{45FEB802-E528-4814-A398-72F07D424980}.Release|Any CPU.Build.0 = Release|Any CPU
		{45FEB802-E528-4814-A398-72F07D424980}.Release|x64.ActiveCfg = Release|Any CPU
		{45FEB802-E528-4814-A398-72F07D424980}.Release|x64.Build.0 = Release|Any CPU
		{45FEB802-E528-4814-A398-72F07D424980}.Release|x86.ActiveCfg = Release|Any CPU
		{45FEB802-E528-4814-A398-72F07D424980}.Release|x86.Build.0 = Release|Any CPU
	EndGlobalSection
	GlobalSection(SolutionProperties) = preSolution
		HideSolutionNode = FALSE
	EndGlobalSection
EndGlobal
